
Microsoft Visual Studio Solution File, Format Version 12.00
# Visual Studio Version 16
VisualStudioVersion = 16.0.31729.503
MinimumVisualStudioVersion = 10.0.40219.1
Project("{888888A0-9F3D-457C-B088-3A5042F75D52}") = "MonCalc", "MonCalc.pyproj", "{1198BBD6-CE9A-43C0-8D45-844DF181509C}"
EndProject
Global
	GlobalSection(SolutionConfigurationPlatforms) = preSolution
		Debug|Any CPU = Debug|Any CPU
		Release|Any CPU = Release|Any CPU
	EndGlobalSection
	GlobalSection(ProjectConfigurationPlatforms) = postSolution
		{1198BBD6-CE9A-43C0-8D45-844DF181509C}.Debug|Any CPU.ActiveCfg = Debug|Any CPU
		{1198BBD6-CE9A-43C0-8D45-844DF181509C}.Release|Any CPU.ActiveCfg = Release|Any CPU
	EndGlobalSection
	GlobalSection(SolutionProperties) = preSolution
		HideSolutionNode = FALSE
	EndGlobalSection
	GlobalSection(ExtensibilityGlobals) = postSolution
		SolutionGuid = {2CA60544-8878-466C-9C3F-3BC1677C787D}
	EndGlobalSection
EndGlobal
